
Microsoft Visual Studio Solution File, Format Version 12.00
# Visual Studio 11
Project("{FAE04EC0-301F-11D3-BF4B-00C04F79EFBC}") = "ContractsAndInheritance", "ContractsAndInheritance\ContractsAndInheritance.csproj", "{8D072057-7739-46A4-BEB2-A6FCC604C53D}"
EndProject
Global
	GlobalSection(SolutionConfigurationPlatforms) = preSolution
		Debug|Any CPU = Debug|Any CPU
		Release|Any CPU = Release|Any CPU
	EndGlobalSection
	GlobalSection(ProjectConfigurationPlatforms) = postSolution
		{8D072057-7739-46A4-BEB2-A6FCC604C53D}.Debug|Any CPU.ActiveCfg = Debug|Any CPU
		{8D072057-7739-46A4-BEB2-A6FCC604C53D}.Debug|Any CPU.Build.0 = Debug|Any CPU
		{8D072057-7739-46A4-BEB2-A6FCC604C53D}.Release|Any CPU.ActiveCfg = Release|Any CPU
		{8D072057-7739-46A4-BEB2-A6FCC604C53D}.Release|Any CPU.Build.0 = Release|Any CPU
	EndGlobalSection
	GlobalSection(SolutionProperties) = preSolution
		HideSolutionNode = FALSE
	EndGlobalSection
EndGlobal
